{
  "name": "TracBooking",
  "lockfileVersion": 2,
  "requires": true,
  "packages": {
    "": {
      "dependencies": {
        "leaflet": "^1.9.3",
        "leaflet-plugin-trackplayback": "^1.0.5"
      }
    },
    "node_modules/leaflet": {
      "version": "1.9.3",
      "resolved": "https://registry.npmjs.org/leaflet/-/leaflet-1.9.3.tgz",
      "integrity": "sha512-iB2cR9vAkDOu5l3HAay2obcUHZ7xwUBBjph8+PGtmW/2lYhbLizWtG7nTeYht36WfOslixQF9D/uSIzhZgGMfQ=="
    },
    "node_modules/leaflet-plugin-trackplayback": {
      "version": "1.0.5",
      "resolved": "https://registry.npmjs.org/leaflet-plugin-trackplayback/-/leaflet-plugin-trackplayback-1.0.5.tgz",
      "integrity": "sha512-piVOSN4i27UYFRDrK0KtEogYfggTI/zCX0Oma3ylL1jiUgRWAtXqiCwQaWqzLYeILz5Xz1E5JO5bj/ql4TzR3w=="
    }
  },
  "dependencies": {
    "leaflet": {
      "version": "1.9.3",
      "resolved": "https://registry.npmjs.org/leaflet/-/leaflet-1.9.3.tgz",
      "integrity": "sha512-iB2cR9vAkDOu5l3HAay2obcUHZ7xwUBBjph8+PGtmW/2lYhbLizWtG7nTeYht36WfOslixQF9D/uSIzhZgGMfQ=="
    },
    "leaflet-plugin-trackplayback": {
      "version": "1.0.5",
      "resolved": "https://registry.npmjs.org/leaflet-plugin-trackplayback/-/leaflet-plugin-trackplayback-1.0.5.tgz",
      "integrity": "sha512-piVOSN4i27UYFRDrK0KtEogYfggTI/zCX0Oma3ylL1jiUgRWAtXqiCwQaWqzLYeILz5Xz1E5JO5bj/ql4TzR3w=="
    }
  }
}
